
Microsoft Visual Studio Solution File, Format Version 12.00
# Visual Studio 15
VisualStudioVersion = 15.0.27004.2002
MinimumVisualStudioVersion = 10.0.40219.1
Project("{FAE04EC0-301F-11D3-BF4B-00C04F79EFBC}") = "assignment 2", "assignment 2\assignment 2.csproj", "{F40C6EBF-CF2B-4C3C-AC1E-48800F8EC215}"
EndProject
Global
	GlobalSection(SolutionConfigurationPlatforms) = preSolution
		Debug|Any CPU = Debug|Any CPU
		Release|Any CPU = Release|Any CPU
	EndGlobalSection
	GlobalSection(ProjectConfigurationPlatforms) = postSolution
		{F40C6EBF-CF2B-4C3C-AC1E-48800F8EC215}.Debug|Any CPU.ActiveCfg = Debug|Any CPU
		{F40C6EBF-CF2B-4C3C-AC1E-48800F8EC215}.Debug|Any CPU.Build.0 = Debug|Any CPU
		{F40C6EBF-CF2B-4C3C-AC1E-48800F8EC215}.Release|Any CPU.ActiveCfg = Release|Any CPU
		{F40C6EBF-CF2B-4C3C-AC1E-48800F8EC215}.Release|Any CPU.Build.0 = Release|Any CPU
	EndGlobalSection
	GlobalSection(SolutionProperties) = preSolution
		HideSolutionNode = FALSE
	EndGlobalSection
	GlobalSection(ExtensibilityGlobals) = postSolution
		SolutionGuid = {D8B29CE6-9DF3-4E30-9E80-27B297C40F10}
	EndGlobalSection
EndGlobal
